// !$*UTF8*$!
{
	archiveVersion = 1;
	classes = {
	};
	objectVersion = 50;
	objects = {

/* Begin PBXBuildFile section */
		CB2D73DF21B617C100E709C8 /* Test04ViewController.swift in Sources */ = {isa = PBXBuildFile; fileRef = CB2D73DE21B617C100E709C8 /* Test04ViewController.swift */; };
		CB2D73E121B61BC200E709C8 /* Test05ViewController.swift in Sources */ = {isa = PBXBuildFile; fileRef = CB2D73E021B61BC200E709C8 /* Test05ViewController.swift */; };
		CB2D73E321B627CF00E709C8 /* Test06ViewController.swift in Sources */ = {isa = PBXBuildFile; fileRef = CB2D73E221B627CF00E709C8 /* Test06ViewController.swift */; };
		CB2D73E521B64BFC00E709C8 /* Test07ViewController.swift in Sources */ = {isa = PBXBuildFile; fileRef = CB2D73E421B64BFC00E709C8 /* Test07ViewController.swift */; };
		CB2D73E721B65C1800E709C8 /* Test08ViewController.swift in Sources */ = {isa = PBXBuildFile; fileRef = CB2D73E621B65C1800E709C8 /* Test08ViewController.swift */; };
		CB2D73E921B6648C00E709C8 /* Test09ViewController.swift in Sources */ = {isa = PBXBuildFile; fileRef = CB2D73E821B6648C00E709C8 /* Test09ViewController.swift */; };
		CB2D73EB21B6773A00E709C8 /* Test10ViewController.swift in Sources */ = {isa = PBXBuildFile; fileRef = CB2D73EA21B6773A00E709C8 /* Test10ViewController.swift */; };
		CB2D73ED21B6795600E709C8 /* Test11ViewController.swift in Sources */ = {isa = PBXBuildFile; fileRef = CB2D73EC21B6795600E709C8 /* Test11ViewController.swift */; };
		CB6DB7F12111B0790006EB57 /* AppDelegate.swift in Sources */ = {isa = PBXBuildFile; fileRef = CB6DB7F02111B0790006EB57 /* AppDelegate.swift */; };
		CB6DB7F62111B0790006EB57 /* Main.storyboard in Resources */ = {isa = PBXBuildFile; fileRef = CB6DB7F42111B0790006EB57 /* Main.storyboard */; };
		CB6DB7F82111B07A0006EB57 /* Assets.xcassets in Resources */ = {isa = PBXBuildFile; fileRef = CB6DB7F72111B07A0006EB57 /* Assets.xcassets */; };
		CB6DB7FB2111B07A0006EB57 /* LaunchScreen.storyboard in Resources */ = {isa = PBXBuildFile; fileRef = CB6DB7F92111B07A0006EB57 /* LaunchScreen.storyboard */; };
		CB6DB8062111B07A0006EB57 /* RxSwiftDemoTests.swift in Sources */ = {isa = PBXBuildFile; fileRef = CB6DB8052111B07A0006EB57 /* RxSwiftDemoTests.swift */; };
		CB6DB8112111B07A0006EB57 /* RxSwiftDemoUITests.swift in Sources */ = {isa = PBXBuildFile; fileRef = CB6DB8102111B07A0006EB57 /* RxSwiftDemoUITests.swift */; };
		CB6DB8242111B2600006EB57 /* BaseViewController.swift in Sources */ = {isa = PBXBuildFile; fileRef = CB6DB8212111B2600006EB57 /* BaseViewController.swift */; };
		CB6DB8252111B2600006EB57 /* ViewController.swift in Sources */ = {isa = PBXBuildFile; fileRef = CB6DB8232111B2600006EB57 /* ViewController.swift */; };
		CB6DB8272111B27A0006EB57 /* BaseNavigationController.swift in Sources */ = {isa = PBXBuildFile; fileRef = CB6DB8262111B27A0006EB57 /* BaseNavigationController.swift */; };
		CB6DB82A2111B3460006EB57 /* Common.swift in Sources */ = {isa = PBXBuildFile; fileRef = CB6DB8292111B3460006EB57 /* Common.swift */; };
		CB6DB82C2111B40A0006EB57 /* BaseTableView.swift in Sources */ = {isa = PBXBuildFile; fileRef = CB6DB82B2111B40A0006EB57 /* BaseTableView.swift */; };
		CB6DB82E2111B5070006EB57 /* BaseTableViewCell.swift in Sources */ = {isa = PBXBuildFile; fileRef = CB6DB82D2111B5070006EB57 /* BaseTableViewCell.swift */; };
		CB70A0EA21129C8300B3F824 /* BaseSubTitleCell.swift in Sources */ = {isa = PBXBuildFile; fileRef = CB70A0E921129C8300B3F824 /* BaseSubTitleCell.swift */; };
		CBAE8D0221B4C2C7006F77F4 /* Test01ViewController.swift in Sources */ = {isa = PBXBuildFile; fileRef = CBAE8D0121B4C2C7006F77F4 /* Test01ViewController.swift */; };
		CBAE8D0421B4C72D006F77F4 /* Tes02ViewController.swift in Sources */ = {isa = PBXBuildFile; fileRef = CBAE8D0321B4C72D006F77F4 /* Tes02ViewController.swift */; };
		CBAE8D0621B5338B006F77F4 /* Test03ViewController.swift in Sources */ = {isa = PBXBuildFile; fileRef = CBAE8D0521B5338B006F77F4 /* Test03ViewController.swift */; };
		CBBCD5AF21B76E5A0006D67D /* infoPlist.strings in Resources */ = {isa = PBXBuildFile; fileRef = CBBCD5B121B76E5A0006D67D /* infoPlist.strings */; };
		E3FB79CD7B13C989A3592BA6 /* Pods_RxSwiftDemo.framework in Frameworks */ = {isa = PBXBuildFile; fileRef = E9881225803F979DA24C3535 /* Pods_RxSwiftDemo.framework */; };
/* End PBXBuildFile section */

/* Begin PBXContainerItemProxy section */
		CB6DB8022111B07A0006EB57 /* PBXContainerItemProxy */ = {
			isa = PBXContainerItemProxy;
			containerPortal = CB6DB7E52111B0790006EB57 /* Project object */;
			proxyType = 1;
			remoteGlobalIDString = CB6DB7EC2111B0790006EB57;
			remoteInfo = RxSwiftDemo;
		};
		CB6DB80D2111B07A0006EB57 /* PBXContainerItemProxy */ = {
			isa = PBXContainerItemProxy;
			containerPortal = CB6DB7E52111B0790006EB57 /* Project object */;
			proxyType = 1;
			remoteGlobalIDString = CB6DB7EC2111B0790006EB57;
			remoteInfo = RxSwiftDemo;
		};
/* End PBXContainerItemProxy section */

/* Begin PBXFileReference section */
		1BE5616AD52972CD0C24F0B7 /* Pods-RxSwiftDemo.debug.xcconfig */ = {isa = PBXFileReference; includeInIndex = 1; lastKnownFileType = text.xcconfig; name = "Pods-RxSwiftDemo.debug.xcconfig"; path = "Pods/Target Support Files/Pods-RxSwiftDemo/Pods-RxSwiftDemo.debug.xcconfig"; sourceTree = "<group>"; };
		1F5430D516FA36905ACBCFE5 /* Pods-RxSwiftDemo.release.xcconfig */ = {isa = PBXFileReference; includeInIndex = 1; lastKnownFileType = text.xcconfig; name = "Pods-RxSwiftDemo.release.xcconfig"; path = "Pods/Target Support Files/Pods-RxSwiftDemo/Pods-RxSwiftDemo.release.xcconfig"; sourceTree = "<group>"; };
		CB2D73DE21B617C100E709C8 /* Test04ViewController.swift */ = {isa = PBXFileReference; lastKnownFileType = sourcecode.swift; path = Test04ViewController.swift; sourceTree = "<group>"; };
		CB2D73E021B61BC200E709C8 /* Test05ViewController.swift */ = {isa = PBXFileReference; lastKnownFileType = sourcecode.swift; path = Test05ViewController.swift; sourceTree = "<group>"; };
		CB2D73E221B627CF00E709C8 /* Test06ViewController.swift */ = {isa = PBXFileReference; lastKnownFileType = sourcecode.swift; path = Test06ViewController.swift; sourceTree = "<group>"; };
		CB2D73E421B64BFC00E709C8 /* Test07ViewController.swift */ = {isa = PBXFileReference; lastKnownFileType = sourcecode.swift; path = Test07ViewController.swift; sourceTree = "<group>"; };
		CB2D73E621B65C1800E709C8 /* Test08ViewController.swift */ = {isa = PBXFileReference; lastKnownFileType = sourcecode.swift; path = Test08ViewController.swift; sourceTree = "<group>"; };
		CB2D73E821B6648C00E709C8 /* Test09ViewController.swift */ = {isa = PBXFileReference; lastKnownFileType = sourcecode.swift; path = Test09ViewController.swift; sourceTree = "<group>"; };
		CB2D73EA21B6773A00E709C8 /* Test10ViewController.swift */ = {isa = PBXFileReference; lastKnownFileType = sourcecode.swift; path = Test10ViewController.swift; sourceTree = "<group>"; };
		CB2D73EC21B6795600E709C8 /* Test11ViewController.swift */ = {isa = PBXFileReference; lastKnownFileType = sourcecode.swift; path = Test11ViewController.swift; sourceTree = "<group>"; };
		CB6DB7ED2111B0790006EB57 /* RxSwiftDemo.app */ = {isa = PBXFileReference; explicitFileType = wrapper.application; includeInIndex = 0; path = RxSwiftDemo.app; sourceTree = BUILT_PRODUCTS_DIR; };
		CB6DB7F02111B0790006EB57 /* AppDelegate.swift */ = {isa = PBXFileReference; lastKnownFileType = sourcecode.swift; path = AppDelegate.swift; sourceTree = "<group>"; };
		CB6DB7F52111B0790006EB57 /* Base */ = {isa = PBXFileReference; lastKnownFileType = file.storyboard; name = Base; path = Base.lproj/Main.storyboard; sourceTree = "<group>"; };
		CB6DB7F72111B07A0006EB57 /* Assets.xcassets */ = {isa = PBXFileReference; lastKnownFileType = folder.assetcatalog; path = Assets.xcassets; sourceTree = "<group>"; };
		CB6DB7FA2111B07A0006EB57 /* Base */ = {isa = PBXFileReference; lastKnownFileType = file.storyboard; name = Base; path = Base.lproj/LaunchScreen.storyboard; sourceTree = "<group>"; };
		CB6DB7FC2111B07A0006EB57 /* Info.plist */ = {isa = PBXFileReference; lastKnownFileType = text.plist.xml; path = Info.plist; sourceTree = "<group>"; };
		CB6DB8012111B07A0006EB57 /* RxSwiftDemoTests.xctest */ = {isa = PBXFileReference; explicitFileType = wrapper.cfbundle; includeInIndex = 0; path = RxSwiftDemoTests.xctest; sourceTree = BUILT_PRODUCTS_DIR; };
		CB6DB8052111B07A0006EB57 /* RxSwiftDemoTests.swift */ = {isa = PBXFileReference; lastKnownFileType = sourcecode.swift; path = RxSwiftDemoTests.swift; sourceTree = "<group>"; };
		CB6DB8072111B07A0006EB57 /* Info.plist */ = {isa = PBXFileReference; lastKnownFileType = text.plist.xml; path = Info.plist; sourceTree = "<group>"; };
		CB6DB80C2111B07A0006EB57 /* RxSwiftDemoUITests.xctest */ = {isa = PBXFileReference; explicitFileType = wrapper.cfbundle; includeInIndex = 0; path = RxSwiftDemoUITests.xctest; sourceTree = BUILT_PRODUCTS_DIR; };
		CB6DB8102111B07A0006EB57 /* RxSwiftDemoUITests.swift */ = {isa = PBXFileReference; lastKnownFileType = sourcecode.swift; path = RxSwiftDemoUITests.swift; sourceTree = "<group>"; };
		CB6DB8122111B07A0006EB57 /* Info.plist */ = {isa = PBXFileReference; lastKnownFileType = text.plist.xml; path = Info.plist; sourceTree = "<group>"; };
		CB6DB8212111B2600006EB57 /* BaseViewController.swift */ = {isa = PBXFileReference; fileEncoding = 4; lastKnownFileType = sourcecode.swift; path = BaseViewController.swift; sourceTree = "<group>"; };
		CB6DB8232111B2600006EB57 /* ViewController.swift */ = {isa = PBXFileReference; fileEncoding = 4; lastKnownFileType = sourcecode.swift; path = ViewController.swift; sourceTree = "<group>"; };
		CB6DB8262111B27A0006EB57 /* BaseNavigationController.swift */ = {isa = PBXFileReference; lastKnownFileType = sourcecode.swift; path = BaseNavigationController.swift; sourceTree = "<group>"; };
		CB6DB8292111B3460006EB57 /* Common.swift */ = {isa = PBXFileReference; lastKnownFileType = sourcecode.swift; path = Common.swift; sourceTree = "<group>"; };
		CB6DB82B2111B40A0006EB57 /* BaseTableView.swift */ = {isa = PBXFileReference; lastKnownFileType = sourcecode.swift; path = BaseTableView.swift; sourceTree = "<group>"; };
		CB6DB82D2111B5070006EB57 /* BaseTableViewCell.swift */ = {isa = PBXFileReference; lastKnownFileType = sourcecode.swift; path = BaseTableViewCell.swift; sourceTree = "<group>"; };
		CB70A0E921129C8300B3F824 /* BaseSubTitleCell.swift */ = {isa = PBXFileReference; lastKnownFileType = sourcecode.swift; path = BaseSubTitleCell.swift; sourceTree = "<group>"; };
		CBAE8D0121B4C2C7006F77F4 /* Test01ViewController.swift */ = {isa = PBXFileReference; lastKnownFileType = sourcecode.swift; path = Test01ViewController.swift; sourceTree = "<group>"; };
		CBAE8D0321B4C72D006F77F4 /* Tes02ViewController.swift */ = {isa = PBXFileReference; lastKnownFileType = sourcecode.swift; path = Tes02ViewController.swift; sourceTree = "<group>"; };
		CBAE8D0521B5338B006F77F4 /* Test03ViewController.swift */ = {isa = PBXFileReference; lastKnownFileType = sourcecode.swift; path = Test03ViewController.swift; sourceTree = "<group>"; };
		CBBCD5A921B76DD10006D67D /* zh-Hans */ = {isa = PBXFileReference; lastKnownFileType = text.plist.strings; name = "zh-Hans"; path = "zh-Hans.lproj/Main.strings"; sourceTree = "<group>"; };
		CBBCD5AA21B76DD10006D67D /* zh-Hans */ = {isa = PBXFileReference; lastKnownFileType = text.plist.strings; name = "zh-Hans"; path = "zh-Hans.lproj/LaunchScreen.strings"; sourceTree = "<group>"; };
		CBBCD5B021B76E5A0006D67D /* zh-Hans */ = {isa = PBXFileReference; lastKnownFileType = text.plist.strings; name = "zh-Hans"; path = "zh-Hans.lproj/infoPlist.strings"; sourceTree = "<group>"; };
		CBBCD5B221B76E710006D67D /* en */ = {isa = PBXFileReference; lastKnownFileType = text.plist.strings; name = en; path = en.lproj/infoPlist.strings; sourceTree = "<group>"; };
		E9881225803F979DA24C3535 /* Pods_RxSwiftDemo.framework */ = {isa = PBXFileReference; explicitFileType = wrapper.framework; includeInIndex = 0; path = Pods_RxSwiftDemo.framework; sourceTree = BUILT_PRODUCTS_DIR; };
/* End PBXFileReference section */

/* Begin PBXFrameworksBuildPhase section */
		CB6DB7EA2111B0790006EB57 /* Frameworks */ = {
			isa = PBXFrameworksBuildPhase;
			buildActionMask = 2147483647;
			files = (
				E3FB79CD7B13C989A3592BA6 /* Pods_RxSwiftDemo.framework in Frameworks */,
			);
			runOnlyForDeploymentPostprocessing = 0;
		};
		CB6DB7FE2111B07A0006EB57 /* Frameworks */ = {
			isa = PBXFrameworksBuildPhase;
			buildActionMask = 2147483647;
			files = (
			);
			runOnlyForDeploymentPostprocessing = 0;
		};
		CB6DB8092111B07A0006EB57 /* Frameworks */ = {
			isa = PBXFrameworksBuildPhase;
			buildActionMask = 2147483647;
			files = (
			);
			runOnlyForDeploymentPostprocessing = 0;
		};
/* End PBXFrameworksBuildPhase section */

/* Begin PBXGroup section */
		183A664B81814F8791CC715F /* Pods */ = {
			isa = PBXGroup;
			children = (
				1BE5616AD52972CD0C24F0B7 /* Pods-RxSwiftDemo.debug.xcconfig */,
				1F5430D516FA36905ACBCFE5 /* Pods-RxSwiftDemo.release.xcconfig */,
			);
			name = Pods;
			sourceTree = "<group>";
		};
		CB6DB7E42111B0790006EB57 = {
			isa = PBXGroup;
			children = (
				CB6DB7EF2111B0790006EB57 /* RxSwiftDemo */,
				CB6DB8042111B07A0006EB57 /* RxSwiftDemoTests */,
				CB6DB80F2111B07A0006EB57 /* RxSwiftDemoUITests */,
				CB6DB7EE2111B0790006EB57 /* Products */,
				183A664B81814F8791CC715F /* Pods */,
				D43F8999B09E7B7362AF5821 /* Frameworks */,
			);
			sourceTree = "<group>";
		};
		CB6DB7EE2111B0790006EB57 /* Products */ = {
			isa = PBXGroup;
			children = (
				CB6DB7ED2111B0790006EB57 /* RxSwiftDemo.app */,
				CB6DB8012111B07A0006EB57 /* RxSwiftDemoTests.xctest */,
				CB6DB80C2111B07A0006EB57 /* RxSwiftDemoUITests.xctest */,
			);
			name = Products;
			sourceTree = "<group>";
		};
		CB6DB7EF2111B0790006EB57 /* RxSwiftDemo */ = {
			isa = PBXGroup;
			children = (
				CB6DB8282111B30D0006EB57 /* Util */,
				CB6DB8202111B2600006EB57 /* Base */,
				CB6DB8222111B2600006EB57 /* RxSwift */,
				CB6DB7F02111B0790006EB57 /* AppDelegate.swift */,
				CB6DB8232111B2600006EB57 /* ViewController.swift */,
				CBAE8D0121B4C2C7006F77F4 /* Test01ViewController.swift */,
				CBAE8D0321B4C72D006F77F4 /* Tes02ViewController.swift */,
				CBAE8D0521B5338B006F77F4 /* Test03ViewController.swift */,
				CB2D73DE21B617C100E709C8 /* Test04ViewController.swift */,
				CB2D73E021B61BC200E709C8 /* Test05ViewController.swift */,
				CB2D73E221B627CF00E709C8 /* Test06ViewController.swift */,
				CB2D73E421B64BFC00E709C8 /* Test07ViewController.swift */,
				CB2D73E621B65C1800E709C8 /* Test08ViewController.swift */,
				CB2D73E821B6648C00E709C8 /* Test09ViewController.swift */,
				CB2D73EA21B6773A00E709C8 /* Test10ViewController.swift */,
				CB2D73EC21B6795600E709C8 /* Test11ViewController.swift */,
				CB6DB7F42111B0790006EB57 /* Main.storyboard */,
				CB6DB7F72111B07A0006EB57 /* Assets.xcassets */,
				CB6DB7F92111B07A0006EB57 /* LaunchScreen.storyboard */,
				CB6DB7FC2111B07A0006EB57 /* Info.plist */,
				CBBCD5B121B76E5A0006D67D /* infoPlist.strings */,
			);
			path = RxSwiftDemo;
			sourceTree = "<group>";
		};
		CB6DB8042111B07A0006EB57 /* RxSwiftDemoTests */ = {
			isa = PBXGroup;
			children = (
				CB6DB8052111B07A0006EB57 /* RxSwiftDemoTests.swift */,
				CB6DB8072111B07A0006EB57 /* Info.plist */,
			);
			path = RxSwiftDemoTests;
			sourceTree = "<group>";
		};
		CB6DB80F2111B07A0006EB57 /* RxSwiftDemoUITests */ = {
			isa = PBXGroup;
			children = (
				CB6DB8102111B07A0006EB57 /* RxSwiftDemoUITests.swift */,
				CB6DB8122111B07A0006EB57 /* Info.plist */,
			);
			path = RxSwiftDemoUITests;
			sourceTree = "<group>";
		};
		CB6DB8202111B2600006EB57 /* Base */ = {
			isa = PBXGroup;
			children = (
				CB6DB8212111B2600006EB57 /* BaseViewController.swift */,
				CB6DB8262111B27A0006EB57 /* BaseNavigationController.swift */,
				CB6DB82B2111B40A0006EB57 /* BaseTableView.swift */,
				CB6DB82D2111B5070006EB57 /* BaseTableViewCell.swift */,
				CB70A0E921129C8300B3F824 /* BaseSubTitleCell.swift */,
			);
			path = Base;
			sourceTree = "<group>";
		};
		CB6DB8222111B2600006EB57 /* RxSwift */ = {
			isa = PBXGroup;
			children = (
			);
			path = RxSwift;
			sourceTree = "<group>";
		};
		CB6DB8282111B30D0006EB57 /* Util */ = {
			isa = PBXGroup;
			children = (
				CB6DB8292111B3460006EB57 /* Common.swift */,
			);
			path = Util;
			sourceTree = "<group>";
		};
		D43F8999B09E7B7362AF5821 /* Frameworks */ = {
			isa = PBXGroup;
			children = (
				E9881225803F979DA24C3535 /* Pods_RxSwiftDemo.framework */,
			);
			name = Frameworks;
			sourceTree = "<group>";
		};
/* End PBXGroup section */

/* Begin PBXNativeTarget section */
		CB6DB7EC2111B0790006EB57 /* RxSwiftDemo */ = {
			isa = PBXNativeTarget;
			buildConfigurationList = CB6DB8152111B07A0006EB57 /* Build configuration list for PBXNativeTarget "RxSwiftDemo" */;
			buildPhases = (
				6292CF0CE29970769862CF48 /* [CP] Check Pods Manifest.lock */,
				CB6DB7E92111B0790006EB57 /* Sources */,
				CB6DB7EA2111B0790006EB57 /* Frameworks */,
				CB6DB7EB2111B0790006EB57 /* Resources */,
				1002D28FBAF6420BD037B980 /* [CP] Embed Pods Frameworks */,
			);
			buildRules = (
			);
			dependencies = (
			);
			name = RxSwiftDemo;
			productName = RxSwiftDemo;
			productReference = CB6DB7ED2111B0790006EB57 /* RxSwiftDemo.app */;
			productType = "com.apple.product-type.application";
		};
		CB6DB8002111B07A0006EB57 /* RxSwiftDemoTests */ = {
			isa = PBXNativeTarget;
			buildConfigurationList = CB6DB8182111B07A0006EB57 /* Build configuration list for PBXNativeTarget "RxSwiftDemoTests" */;
			buildPhases = (
				CB6DB7FD2111B07A0006EB57 /* Sources */,
				CB6DB7FE2111B07A0006EB57 /* Frameworks */,
				CB6DB7FF2111B07A0006EB57 /* Resources */,
			);
			buildRules = (
			);
			dependencies = (
				CB6DB8032111B07A0006EB57 /* PBXTargetDependency */,
			);
			name = RxSwiftDemoTests;
			productName = RxSwiftDemoTests;
			productReference = CB6DB8012111B07A0006EB57 /* RxSwiftDemoTests.xctest */;
			productType = "com.apple.product-type.bundle.unit-test";
		};
		CB6DB80B2111B07A0006EB57 /* RxSwiftDemoUITests */ = {
			isa = PBXNativeTarget;
			buildConfigurationList = CB6DB81B2111B07A0006EB57 /* Build configuration list for PBXNativeTarget "RxSwiftDemoUITests" */;
			buildPhases = (
				CB6DB8082111B07A0006EB57 /* Sources */,
				CB6DB8092111B07A0006EB57 /* Frameworks */,
				CB6DB80A2111B07A0006EB57 /* Resources */,
			);
			buildRules = (
			);
			dependencies = (
				CB6DB80E2111B07A0006EB57 /* PBXTargetDependency */,
			);
			name = RxSwiftDemoUITests;
			productName = RxSwiftDemoUITests;
			productReference = CB6DB80C2111B07A0006EB57 /* RxSwiftDemoUITests.xctest */;
			productType = "com.apple.product-type.bundle.ui-testing";
		};
/* End PBXNativeTarget section */

/* Begin PBXProject section */
		CB6DB7E52111B0790006EB57 /* Project object */ = {
			isa = PBXProject;
			attributes = {
				LastSwiftUpdateCheck = 0940;
				LastUpgradeCheck = 0940;
				ORGANIZATIONNAME = "王云";
				TargetAttributes = {
					CB6DB7EC2111B0790006EB57 = {
						CreatedOnToolsVersion = 9.4;
					};
					CB6DB8002111B07A0006EB57 = {
						CreatedOnToolsVersion = 9.4;
						TestTargetID = CB6DB7EC2111B0790006EB57;
					};
					CB6DB80B2111B07A0006EB57 = {
						CreatedOnToolsVersion = 9.4;
						TestTargetID = CB6DB7EC2111B0790006EB57;
					};
				};
			};
			buildConfigurationList = CB6DB7E82111B0790006EB57 /* Build configuration list for PBXProject "RxSwiftDemo" */;
			compatibilityVersion = "Xcode 9.3";
			developmentRegion = en;
			hasScannedForEncodings = 0;
			knownRegions = (
				en,
				Base,
			);
			mainGroup = CB6DB7E42111B0790006EB57;
			productRefGroup = CB6DB7EE2111B0790006EB57 /* Products */;
			projectDirPath = "";
			projectRoot = "";
			targets = (
				CB6DB7EC2111B0790006EB57 /* RxSwiftDemo */,
				CB6DB8002111B07A0006EB57 /* RxSwiftDemoTests */,
				CB6DB80B2111B07A0006EB57 /* RxSwiftDemoUITests */,
			);
		};
/* End PBXProject section */

/* Begin PBXResourcesBuildPhase section */
		CB6DB7EB2111B0790006EB57 /* Resources */ = {
			isa = PBXResourcesBuildPhase;
			buildActionMask = 2147483647;
			files = (
				CB6DB7FB2111B07A0006EB57 /* LaunchScreen.storyboard in Resources */,
				CBBCD5AF21B76E5A0006D67D /* infoPlist.strings in Resources */,
				CB6DB7F82111B07A0006EB57 /* Assets.xcassets in Resources */,
				CB6DB7F62111B0790006EB57 /* Main.storyboard in Resources */,
			);
			runOnlyForDeploymentPostprocessing = 0;
		};
		CB6DB7FF2111B07A0006EB57 /* Resources */ = {
			isa = PBXResourcesBuildPhase;
			buildActionMask = 2147483647;
			files = (
			);
			runOnlyForDeploymentPostprocessing = 0;
		};
		CB6DB80A2111B07A0006EB57 /* Resources */ = {
			isa = PBXResourcesBuildPhase;
			buildActionMask = 2147483647;
			files = (
			);
			runOnlyForDeploymentPostprocessing = 0;
		};
/* End PBXResourcesBuildPhase section */

/* Begin PBXShellScriptBuildPhase section */
		1002D28FBAF6420BD037B980 /* [CP] Embed Pods Frameworks */ = {
			isa = PBXShellScriptBuildPhase;
			buildActionMask = 2147483647;
			files = (
			);
			inputPaths = (
				"${SRCROOT}/Pods/Target Support Files/Pods-RxSwiftDemo/Pods-RxSwiftDemo-frameworks.sh",
				"${BUILT_PRODUCTS_DIR}/RxCocoa/RxCocoa.framework",
				"${BUILT_PRODUCTS_DIR}/RxSwift/RxSwift.framework",
				"${BUILT_PRODUCTS_DIR}/SnapKit/SnapKit.framework",
				"${BUILT_PRODUCTS_DIR}/StreamingKit/StreamingKit.framework",
			);
			name = "[CP] Embed Pods Frameworks";
			outputPaths = (
				"${TARGET_BUILD_DIR}/${FRAMEWORKS_FOLDER_PATH}/RxCocoa.framework",
				"${TARGET_BUILD_DIR}/${FRAMEWORKS_FOLDER_PATH}/RxSwift.framework",
				"${TARGET_BUILD_DIR}/${FRAMEWORKS_FOLDER_PATH}/SnapKit.framework",
				"${TARGET_BUILD_DIR}/${FRAMEWORKS_FOLDER_PATH}/StreamingKit.framework",
			);
			runOnlyForDeploymentPostprocessing = 0;
			shellPath = /bin/sh;
			shellScript = "\"${SRCROOT}/Pods/Target Support Files/Pods-RxSwiftDemo/Pods-RxSwiftDemo-frameworks.sh\"\n";
			showEnvVarsInLog = 0;
		};
		6292CF0CE29970769862CF48 /* [CP] Check Pods Manifest.lock */ = {
			isa = PBXShellScriptBuildPhase;
			buildActionMask = 2147483647;
			files = (
			);
			inputPaths = (
				"${PODS_PODFILE_DIR_PATH}/Podfile.lock",
				"${PODS_ROOT}/Manifest.lock",
			);
			name = "[CP] Check Pods Manifest.lock";
			outputPaths = (
				"$(DERIVED_FILE_DIR)/Pods-RxSwiftDemo-checkManifestLockResult.txt",
			);
			runOnlyForDeploymentPostprocessing = 0;
			shellPath = /bin/sh;
			shellScript = "diff \"${PODS_PODFILE_DIR_PATH}/Podfile.lock\" \"${PODS_ROOT}/Manifest.lock\" > /dev/null\nif [ $? != 0 ] ; then\n    # print error to STDERR\n    echo \"error: The sandbox is not in sync with the Podfile.lock. Run 'pod install' or update your CocoaPods installation.\" >&2\n    exit 1\nfi\n# This output is used by Xcode 'outputs' to avoid re-running this script phase.\necho \"SUCCESS\" > \"${SCRIPT_OUTPUT_FILE_0}\"\n";
			showEnvVarsInLog = 0;
		};
/* End PBXShellScriptBuildPhase section */

/* Begin PBXSourcesBuildPhase section */
		CB6DB7E92111B0790006EB57 /* Sources */ = {
			isa = PBXSourcesBuildPhase;
			buildActionMask = 2147483647;
			files = (
				CB6DB8272111B27A0006EB57 /* BaseNavigationController.swift in Sources */,
				CB6DB8252111B2600006EB57 /* ViewController.swift in Sources */,
				CB2D73E921B6648C00E709C8 /* Test09ViewController.swift in Sources */,
				CB70A0EA21129C8300B3F824 /* BaseSubTitleCell.swift in Sources */,
				CBAE8D0221B4C2C7006F77F4 /* Test01ViewController.swift in Sources */,
				CB2D73E521B64BFC00E709C8 /* Test07ViewController.swift in Sources */,
				CB6DB7F12111B0790006EB57 /* AppDelegate.swift in Sources */,
				CB6DB82A2111B3460006EB57 /* Common.swift in Sources */,
				CB2D73E321B627CF00E709C8 /* Test06ViewController.swift in Sources */,
				CB6DB82E2111B5070006EB57 /* BaseTableViewCell.swift in Sources */,
				CB2D73E121B61BC200E709C8 /* Test05ViewController.swift in Sources */,
				CBAE8D0421B4C72D006F77F4 /* Tes02ViewController.swift in Sources */,
				CB2D73DF21B617C100E709C8 /* Test04ViewController.swift in Sources */,
				CB2D73E721B65C1800E709C8 /* Test08ViewController.swift in Sources */,
				CB2D73ED21B6795600E709C8 /* Test11ViewController.swift in Sources */,
				CB6DB82C2111B40A0006EB57 /* BaseTableView.swift in Sources */,
				CB2D73EB21B6773A00E709C8 /* Test10ViewController.swift in Sources */,
				CB6DB8242111B2600006EB57 /* BaseViewController.swift in Sources */,
				CBAE8D0621B5338B006F77F4 /* Test03ViewController.swift in Sources */,
			);
			runOnlyForDeploymentPostprocessing = 0;
		};
		CB6DB7FD2111B07A0006EB57 /* Sources */ = {
			isa = PBXSourcesBuildPhase;
			buildActionMask = 2147483647;
			files = (
				CB6DB8062111B07A0006EB57 /* RxSwiftDemoTests.swift in Sources */,
			);
			runOnlyForDeploymentPostprocessing = 0;
		};
		CB6DB8082111B07A0006EB57 /* Sources */ = {
			isa = PBXSourcesBuildPhase;
			buildActionMask = 2147483647;
			files = (
				CB6DB8112111B07A0006EB57 /* RxSwiftDemoUITests.swift in Sources */,
			);
			runOnlyForDeploymentPostprocessing = 0;
		};
/* End PBXSourcesBuildPhase section */

/* Begin PBXTargetDependency section */
		CB6DB8032111B07A0006EB57 /* PBXTargetDependency */ = {
			isa = PBXTargetDependency;
			target = CB6DB7EC2111B0790006EB57 /* RxSwiftDemo */;
			targetProxy = CB6DB8022111B07A0006EB57 /* PBXContainerItemProxy */;
		};
		CB6DB80E2111B07A0006EB57 /* PBXTargetDependency */ = {
			isa = PBXTargetDependency;
			target = CB6DB7EC2111B0790006EB57 /* RxSwiftDemo */;
			targetProxy = CB6DB80D2111B07A0006EB57 /* PBXContainerItemProxy */;
		};
/* End PBXTargetDependency section */

/* Begin PBXVariantGroup section */
		CB6DB7F42111B0790006EB57 /* Main.storyboard */ = {
			isa = PBXVariantGroup;
			children = (
				CB6DB7F52111B0790006EB57 /* Base */,
				CBBCD5A921B76DD10006D67D /* zh-Hans */,
			);
			name = Main.storyboard;
			sourceTree = "<group>";
		};
		CB6DB7F92111B07A0006EB57 /* LaunchScreen.storyboard */ = {
			isa = PBXVariantGroup;
			children = (
				CB6DB7FA2111B07A0006EB57 /* Base */,
				CBBCD5AA21B76DD10006D67D /* zh-Hans */,
			);
			name = LaunchScreen.storyboard;
			sourceTree = "<group>";
		};
		CBBCD5B121B76E5A0006D67D /* infoPlist.strings */ = {
			isa = PBXVariantGroup;
			children = (
				CBBCD5B021B76E5A0006D67D /* zh-Hans */,
				CBBCD5B221B76E710006D67D /* en */,
			);
			name = infoPlist.strings;
			sourceTree = "<group>";
		};
/* End PBXVariantGroup section */

/* Begin XCBuildConfiguration section */
		CB6DB8132111B07A0006EB57 /* Debug */ = {
			isa = XCBuildConfiguration;
			buildSettings = {
				ALWAYS_SEARCH_USER_PATHS = NO;
				CLANG_ANALYZER_LOCALIZABILITY_NONLOCALIZED = YES;
				CLANG_ANALYZER_NONNULL = YES;
				CLANG_ANALYZER_NUMBER_OBJECT_CONVERSION = YES_AGGRESSIVE;
				CLANG_CXX_LANGUAGE_STANDARD = "gnu++14";
				CLANG_CXX_LIBRARY = "libc++";
				CLANG_ENABLE_MODULES = YES;
				CLANG_ENABLE_OBJC_ARC = YES;
				CLANG_ENABLE_OBJC_WEAK = YES;
				CLANG_WARN_BLOCK_CAPTURE_AUTORELEASING = YES;
				CLANG_WARN_BOOL_CONVERSION = YES;
				CLANG_WARN_COMMA = YES;
				CLANG_WARN_CONSTANT_CONVERSION = YES;
				CLANG_WARN_DEPRECATED_OBJC_IMPLEMENTATIONS = YES;
				CLANG_WARN_DIRECT_OBJC_ISA_USAGE = YES_ERROR;
				CLANG_WARN_DOCUMENTATION_COMMENTS = YES;
				CLANG_WARN_EMPTY_BODY = YES;
				CLANG_WARN_ENUM_CONVERSION = YES;
				CLANG_WARN_INFINITE_RECURSION = YES;
				CLANG_WARN_INT_CONVERSION = YES;
				CLANG_WARN_NON_LITERAL_NULL_CONVERSION = YES;
				CLANG_WARN_OBJC_IMPLICIT_RETAIN_SELF = YES;
				CLANG_WARN_OBJC_LITERAL_CONVERSION = YES;
				CLANG_WARN_OBJC_ROOT_CLASS = YES_ERROR;
				CLANG_WARN_RANGE_LOOP_ANALYSIS = YES;
				CLANG_WARN_STRICT_PROTOTYPES = YES;
				CLANG_WARN_SUSPICIOUS_MOVE = YES;
				CLANG_WARN_UNGUARDED_AVAILABILITY = YES_AGGRESSIVE;
				CLANG_WARN_UNREACHABLE_CODE = YES;
				CLANG_WARN__DUPLICATE_METHOD_MATCH = YES;
				CODE_SIGN_IDENTITY = "iPhone Developer";
				COPY_PHASE_STRIP = NO;
				DEBUG_INFORMATION_FORMAT = dwarf;
				ENABLE_STRICT_OBJC_MSGSEND = YES;
				ENABLE_TESTABILITY = YES;
				GCC_C_LANGUAGE_STANDARD = gnu11;
				GCC_DYNAMIC_NO_PIC = NO;
				GCC_NO_COMMON_BLOCKS = YES;
				GCC_OPTIMIZATION_LEVEL = 0;
				GCC_PREPROCESSOR_DEFINITIONS = (
					"DEBUG=1",
					"$(inherited)",
				);
				GCC_WARN_64_TO_32_BIT_CONVERSION = YES;
				GCC_WARN_ABOUT_RETURN_TYPE = YES_ERROR;
				GCC_WARN_UNDECLARED_SELECTOR = YES;
				GCC_WARN_UNINITIALIZED_AUTOS = YES_AGGRESSIVE;
				GCC_WARN_UNUSED_FUNCTION = YES;
				GCC_WARN_UNUSED_VARIABLE = YES;
				IPHONEOS_DEPLOYMENT_TARGET = 11.4;
				MTL_ENABLE_DEBUG_INFO = YES;
				ONLY_ACTIVE_ARCH = YES;
				SDKROOT = iphoneos;
				SWIFT_ACTIVE_COMPILATION_CONDITIONS = DEBUG;
				SWIFT_OPTIMIZATION_LEVEL = "-Onone";
			};
			name = Debug;
		};
		CB6DB8142111B07A0006EB57 /* Release */ = {
			isa = XCBuildConfiguration;
			buildSettings = {
				ALWAYS_SEARCH_USER_PATHS = NO;
				CLANG_ANALYZER_LOCALIZABILITY_NONLOCALIZED = YES;
				CLANG_ANALYZER_NONNULL = YES;
				CLANG_ANALYZER_NUMBER_OBJECT_CONVERSION = YES_AGGRESSIVE;
				CLANG_CXX_LANGUAGE_STANDARD = "gnu++14";
				CLANG_CXX_LIBRARY = "libc++";
				CLANG_ENABLE_MODULES = YES;
				CLANG_ENABLE_OBJC_ARC = YES;
				CLANG_ENABLE_OBJC_WEAK = YES;
				CLANG_WARN_BLOCK_CAPTURE_AUTORELEASING = YES;
				CLANG_WARN_BOOL_CONVERSION = YES;
				CLANG_WARN_COMMA = YES;
				CLANG_WARN_CONSTANT_CONVERSION = YES;
				CLANG_WARN_DEPRECATED_OBJC_IMPLEMENTATIONS = YES;
				CLANG_WARN_DIRECT_OBJC_ISA_USAGE = YES_ERROR;
				CLANG_WARN_DOCUMENTATION_COMMENTS = YES;
				CLANG_WARN_EMPTY_BODY = YES;
				CLANG_WARN_ENUM_CONVERSION = YES;
				CLANG_WARN_INFINITE_RECURSION = YES;
				CLANG_WARN_INT_CONVERSION = YES;
				CLANG_WARN_NON_LITERAL_NULL_CONVERSION = YES;
				CLANG_WARN_OBJC_IMPLICIT_RETAIN_SELF = YES;
				CLANG_WARN_OBJC_LITERAL_CONVERSION = YES;
				CLANG_WARN_OBJC_ROOT_CLASS = YES_ERROR;
				CLANG_WARN_RANGE_LOOP_ANALYSIS = YES;
				CLANG_WARN_STRICT_PROTOTYPES = YES;
				CLANG_WARN_SUSPICIOUS_MOVE = YES;
				CLANG_WARN_UNGUARDED_AVAILABILITY = YES_AGGRESSIVE;
				CLANG_WARN_UNREACHABLE_CODE = YES;
				CLANG_WARN__DUPLICATE_METHOD_MATCH = YES;
				CODE_SIGN_IDENTITY = "iPhone Developer";
				COPY_PHASE_STRIP = NO;
				DEBUG_INFORMATION_FORMAT = "dwarf-with-dsym";
				ENABLE_NS_ASSERTIONS = NO;
				ENABLE_STRICT_OBJC_MSGSEND = YES;
				GCC_C_LANGUAGE_STANDARD = gnu11;
				GCC_NO_COMMON_BLOCKS = YES;
				GCC_WARN_64_TO_32_BIT_CONVERSION = YES;
				GCC_WARN_ABOUT_RETURN_TYPE = YES_ERROR;
				GCC_WARN_UNDECLARED_SELECTOR = YES;
				GCC_WARN_UNINITIALIZED_AUTOS = YES_AGGRESSIVE;
				GCC_WARN_UNUSED_FUNCTION = YES;
				GCC_WARN_UNUSED_VARIABLE = YES;
				IPHONEOS_DEPLOYMENT_TARGET = 11.4;
				MTL_ENABLE_DEBUG_INFO = NO;
				SDKROOT = iphoneos;
				SWIFT_COMPILATION_MODE = wholemodule;
				SWIFT_OPTIMIZATION_LEVEL = "-O";
				VALIDATE_PRODUCT = YES;
			};
			name = Release;
		};
		CB6DB8162111B07A0006EB57 /* Debug */ = {
			isa = XCBuildConfiguration;
			baseConfigurationReference = 1BE5616AD52972CD0C24F0B7 /* Pods-RxSwiftDemo.debug.xcconfig */;
			buildSettings = {
				ASSETCATALOG_COMPILER_APPICON_NAME = AppIcon;
				CODE_SIGN_STYLE = Automatic;
				DEVELOPMENT_TEAM = KQ55JKK8UE;
				INFOPLIST_FILE = RxSwiftDemo/Info.plist;
				IPHONEOS_DEPLOYMENT_TARGET = 10.0;
				LD_RUNPATH_SEARCH_PATHS = (
					"$(inherited)",
					"@executable_path/Frameworks",
				);
				PRODUCT_BUNDLE_IDENTIFIER = com.wangyun.RxSwiftDemo;
				PRODUCT_NAME = "$(TARGET_NAME)";
				SWIFT_VERSION = 4.0;
				TARGETED_DEVICE_FAMILY = "1,2";
			};
			name = Debug;
		};
		CB6DB8172111B07A0006EB57 /* Release */ = {
			isa = XCBuildConfiguration;
			baseConfigurationReference = 1F5430D516FA36905ACBCFE5 /* Pods-RxSwiftDemo.release.xcconfig */;
			buildSettings = {
				ASSETCATALOG_COMPILER_APPICON_NAME = AppIcon;
				CODE_SIGN_STYLE = Automatic;
				DEVELOPMENT_TEAM = KQ55JKK8UE;
				INFOPLIST_FILE = RxSwiftDemo/Info.plist;
				IPHONEOS_DEPLOYMENT_TARGET = 10.0;
				LD_RUNPATH_SEARCH_PATHS = (
					"$(inherited)",
					"@executable_path/Frameworks",
				);
				PRODUCT_BUNDLE_IDENTIFIER = com.wangyun.RxSwiftDemo;
				PRODUCT_NAME = "$(TARGET_NAME)";
				SWIFT_VERSION = 4.0;
				TARGETED_DEVICE_FAMILY = "1,2";
			};
			name = Release;
		};
		CB6DB8192111B07A0006EB57 /* Debug */ = {
			isa = XCBuildConfiguration;
			buildSettings = {
				ALWAYS_EMBED_SWIFT_STANDARD_LIBRARIES = YES;
				BUNDLE_LOADER = "$(TEST_HOST)";
				CODE_SIGN_STYLE = Automatic;
				DEVELOPMENT_TEAM = KQ55JKK8UE;
				INFOPLIST_FILE = RxSwiftDemoTests/Info.plist;
				LD_RUNPATH_SEARCH_PATHS = (
					"$(inherited)",
					"@executable_path/Frameworks",
					"@loader_path/Frameworks",
				);
				PRODUCT_BUNDLE_IDENTIFIER = com.wangyun.RxSwiftDemoTests;
				PRODUCT_NAME = "$(TARGET_NAME)";
				SWIFT_VERSION = 4.0;
				TARGETED_DEVICE_FAMILY = "1,2";
				TEST_HOST = "$(BUILT_PRODUCTS_DIR)/RxSwiftDemo.app/RxSwiftDemo";
			};
			name = Debug;
		};
		CB6DB81A2111B07A0006EB57 /* Release */ = {
			isa = XCBuildConfiguration;
			buildSettings = {
				ALWAYS_EMBED_SWIFT_STANDARD_LIBRARIES = YES;
				BUNDLE_LOADER = "$(TEST_HOST)";
				CODE_SIGN_STYLE = Automatic;
				DEVELOPMENT_TEAM = KQ55JKK8UE;
				INFOPLIST_FILE = RxSwiftDemoTests/Info.plist;
				LD_RUNPATH_SEARCH_PATHS = (
					"$(inherited)",
					"@executable_path/Frameworks",
					"@loader_path/Frameworks",
				);
				PRODUCT_BUNDLE_IDENTIFIER = com.wangyun.RxSwiftDemoTests;
				PRODUCT_NAME = "$(TARGET_NAME)";
				SWIFT_VERSION = 4.0;
				TARGETED_DEVICE_FAMILY = "1,2";
				TEST_HOST = "$(BUILT_PRODUCTS_DIR)/RxSwiftDemo.app/RxSwiftDemo";
			};
			name = Release;
		};
		CB6DB81C2111B07A0006EB57 /* Debug */ = {
			isa = XCBuildConfiguration;
			buildSettings = {
				ALWAYS_EMBED_SWIFT_STANDARD_LIBRARIES = YES;
				CODE_SIGN_STYLE = Automatic;
				DEVELOPMENT_TEAM = KQ55JKK8UE;
				INFOPLIST_FILE = RxSwiftDemoUITests/Info.plist;
				LD_RUNPATH_SEARCH_PATHS = (
					"$(inherited)",
					"@executable_path/Frameworks",
					"@loader_path/Frameworks",
				);
				PRODUCT_BUNDLE_IDENTIFIER = com.wangyun.RxSwiftDemoUITests;
				PRODUCT_NAME = "$(TARGET_NAME)";
				SWIFT_VERSION = 4.0;
				TARGETED_DEVICE_FAMILY = "1,2";
				TEST_TARGET_NAME = RxSwiftDemo;
			};
			name = Debug;
		};
		CB6DB81D2111B07A0006EB57 /* Release */ = {
			isa = XCBuildConfiguration;
			buildSettings = {
				ALWAYS_EMBED_SWIFT_STANDARD_LIBRARIES = YES;
				CODE_SIGN_STYLE = Automatic;
				DEVELOPMENT_TEAM = KQ55JKK8UE;
				INFOPLIST_FILE = RxSwiftDemoUITests/Info.plist;
				LD_RUNPATH_SEARCH_PATHS = (
					"$(inherited)",
					"@executable_path/Frameworks",
					"@loader_path/Frameworks",
				);
				PRODUCT_BUNDLE_IDENTIFIER = com.wangyun.RxSwiftDemoUITests;
				PRODUCT_NAME = "$(TARGET_NAME)";
				SWIFT_VERSION = 4.0;
				TARGETED_DEVICE_FAMILY = "1,2";
				TEST_TARGET_NAME = RxSwiftDemo;
			};
			name = Release;
		};
/* End XCBuildConfiguration section */

/* Begin XCConfigurationList section */
		CB6DB7E82111B0790006EB57 /* Build configuration list for PBXProject "RxSwiftDemo" */ = {
			isa = XCConfigurationList;
			buildConfigurations = (
				CB6DB8132111B07A0006EB57 /* Debug */,
				CB6DB8142111B07A0006EB57 /* Release */,
			);
			defaultConfigurationIsVisible = 0;
			defaultConfigurationName = Release;
		};
		CB6DB8152111B07A0006EB57 /* Build configuration list for PBXNativeTarget "RxSwiftDemo" */ = {
			isa = XCConfigurationList;
			buildConfigurations = (
				CB6DB8162111B07A0006EB57 /* Debug */,
				CB6DB8172111B07A0006EB57 /* Release */,
			);
			defaultConfigurationIsVisible = 0;
			defaultConfigurationName = Release;
		};
		CB6DB8182111B07A0006EB57 /* Build configuration list for PBXNativeTarget "RxSwiftDemoTests" */ = {
			isa = XCConfigurationList;
			buildConfigurations = (
				CB6DB8192111B07A0006EB57 /* Debug */,
				CB6DB81A2111B07A0006EB57 /* Release */,
			);
			defaultConfigurationIsVisible = 0;
			defaultConfigurationName = Release;
		};
		CB6DB81B2111B07A0006EB57 /* Build configuration list for PBXNativeTarget "RxSwiftDemoUITests" */ = {
			isa = XCConfigurationList;
			buildConfigurations = (
				CB6DB81C2111B07A0006EB57 /* Debug */,
				CB6DB81D2111B07A0006EB57 /* Release */,
			);
			defaultConfigurationIsVisible = 0;
			defaultConfigurationName = Release;
		};
/* End XCConfigurationList section */
	};
	rootObject = CB6DB7E52111B0790006EB57 /* Project object */;
}
